
Microsoft Visual Studio Solution File, Format Version 12.00
# Visual Studio Version 17
VisualStudioVersion = 17.4.33205.214
MinimumVisualStudioVersion = 10.0.40219.1
Project("{9A19103F-16F7-4668-BE54-9A1E7A4F7556}") = "VNPT.PORTALGETWAY", "VNPT.PORTALGETWAY\VNPT.PORTALGETWAY.csproj", "{428AB65A-AC4F-4529-A3A4-9C585558B294}"
	ProjectSection(ProjectDependencies) = postProject
		{2E1B5012-AFFE-4384-AF07-8408AFD5608E} = {2E1B5012-AFFE-4384-AF07-8408AFD5608E}
		{3508F2A6-E92C-4841-A08A-1F1F6CC4D0DB} = {3508F2A6-E92C-4841-A08A-1F1F6CC4D0DB}
		{4A56F7A5-7B85-4F8B-90F5-9C198AC06ADD} = {4A56F7A5-7B85-4F8B-90F5-9C198AC06ADD}
	EndProjectSection
EndProject
Project("{9A19103F-16F7-4668-BE54-9A1E7A4F7556}") = "VNPT.AUTH", "VNPT.AUTH\VNPT.AUTH.csproj", "{3508F2A6-E92C-4841-A08A-1F1F6CC4D0DB}"
EndProject
Project("{9A19103F-16F7-4668-BE54-9A1E7A4F7556}") = "VNPT.EMPLOYER", "VNPT.EMPLOYER\VNPT.EMPLOYER.csproj", "{2E1B5012-AFFE-4384-AF07-8408AFD5608E}"
EndProject
Project("{9A19103F-16F7-4668-BE54-9A1E7A4F7556}") = "ClassLibrary", "ClassLibrary\ClassLibrary.csproj", "{4A56F7A5-7B85-4F8B-90F5-9C198AC06ADD}"
EndProject
Project("{9A19103F-16F7-4668-BE54-9A1E7A4F7556}") = "VNPT.PERMISSION", "VNPT.PERMISSION\VNPT.PERMISSION.csproj", "{58E9D60D-5502-4D6B-AE77-4208FA4B6BC1}"
EndProject
Global
	GlobalSection(SolutionConfigurationPlatforms) = preSolution
		Debug|Any CPU = Debug|Any CPU
		Release|Any CPU = Release|Any CPU
	EndGlobalSection
	GlobalSection(ProjectConfigurationPlatforms) = postSolution
		{428AB65A-AC4F-4529-A3A4-9C585558B294}.Debug|Any CPU.ActiveCfg = Debug|Any CPU
		{428AB65A-AC4F-4529-A3A4-9C585558B294}.Debug|Any CPU.Build.0 = Debug|Any CPU
		{428AB65A-AC4F-4529-A3A4-9C585558B294}.Release|Any CPU.ActiveCfg = Release|Any CPU
		{428AB65A-AC4F-4529-A3A4-9C585558B294}.Release|Any CPU.Build.0 = Release|Any CPU
		{3508F2A6-E92C-4841-A08A-1F1F6CC4D0DB}.Debug|Any CPU.ActiveCfg = Debug|Any CPU
		{3508F2A6-E92C-4841-A08A-1F1F6CC4D0DB}.Debug|Any CPU.Build.0 = Debug|Any CPU
		{3508F2A6-E92C-4841-A08A-1F1F6CC4D0DB}.Release|Any CPU.ActiveCfg = Release|Any CPU
		{3508F2A6-E92C-4841-A08A-1F1F6CC4D0DB}.Release|Any CPU.Build.0 = Release|Any CPU
		{2E1B5012-AFFE-4384-AF07-8408AFD5608E}.Debug|Any CPU.ActiveCfg = Debug|Any CPU
		{2E1B5012-AFFE-4384-AF07-8408AFD5608E}.Debug|Any CPU.Build.0 = Debug|Any CPU
		{2E1B5012-AFFE-4384-AF07-8408AFD5608E}.Release|Any CPU.ActiveCfg = Release|Any CPU
		{2E1B5012-AFFE-4384-AF07-8408AFD5608E}.Release|Any CPU.Build.0 = Release|Any CPU
		{4A56F7A5-7B85-4F8B-90F5-9C198AC06ADD}.Debug|Any CPU.ActiveCfg = Debug|Any CPU
		{4A56F7A5-7B85-4F8B-90F5-9C198AC06ADD}.Debug|Any CPU.Build.0 = Debug|Any CPU
		{4A56F7A5-7B85-4F8B-90F5-9C198AC06ADD}.Release|Any CPU.ActiveCfg = Release|Any CPU
		{4A56F7A5-7B85-4F8B-90F5-9C198AC06ADD}.Release|Any CPU.Build.0 = Release|Any CPU
		{58E9D60D-5502-4D6B-AE77-4208FA4B6BC1}.Debug|Any CPU.ActiveCfg = Debug|Any CPU
		{58E9D60D-5502-4D6B-AE77-4208FA4B6BC1}.Debug|Any CPU.Build.0 = Debug|Any CPU
		{58E9D60D-5502-4D6B-AE77-4208FA4B6BC1}.Release|Any CPU.ActiveCfg = Release|Any CPU
		{58E9D60D-5502-4D6B-AE77-4208FA4B6BC1}.Release|Any CPU.Build.0 = Release|Any CPU
	EndGlobalSection
	GlobalSection(SolutionProperties) = preSolution
		HideSolutionNode = FALSE
	EndGlobalSection
	GlobalSection(ExtensibilityGlobals) = postSolution
		SolutionGuid = {A06A4C55-94FD-49DD-9A82-1037D3C7AB58}
	EndGlobalSection
EndGlobal
